{
  "name": "minimax-demo",
  "lockfileVersion": 3,
  "requires": true,
  "packages": {
    "": {
      "dependencies": {
        "simple_tic_tac_toe_engine": "^1.2.0"
      }
    },
    "node_modules/simple_tic_tac_toe_engine": {
      "version": "1.2.0",
      "resolved": "https://registry.npmjs.org/simple_tic_tac_toe_engine/-/simple_tic_tac_toe_engine-1.2.0.tgz",
      "integrity": "sha512-z9VIZri1Jz5ru42ANXV/j3+7iG8sB9N2q4E0cVJ8osWnWjM1bAZ1LXpFg6szSvzcVaFEVh9UwLYYW/Ni2NMpZg==",
      "license": "MIT"
    }
  }
}
